
Microsoft Visual Studio Solution File, Format Version 12.00
# Visual Studio Version 17
VisualStudioVersion = 17.4.33213.308
MinimumVisualStudioVersion = 10.0.40219.1
Project("{FAE04EC0-301F-11D3-BF4B-00C04F79EFBC}") = "WinFormsApp1", "WinFormsApp1\WinFormsApp1.csproj", "{99DEF317-1680-46BE-98BF-561D242EECC4}"
EndProject
Global
	GlobalSection(SolutionConfigurationPlatforms) = preSolution
		Debug|Any CPU = Debug|Any CPU
		Release|Any CPU = Release|Any CPU
	EndGlobalSection
	GlobalSection(ProjectConfigurationPlatforms) = postSolution
		{99DEF317-1680-46BE-98BF-561D242EECC4}.Debug|Any CPU.ActiveCfg = Debug|Any CPU
		{99DEF317-1680-46BE-98BF-561D242EECC4}.Debug|Any CPU.Build.0 = Debug|Any CPU
		{99DEF317-1680-46BE-98BF-561D242EECC4}.Release|Any CPU.ActiveCfg = Release|Any CPU
		{99DEF317-1680-46BE-98BF-561D242EECC4}.Release|Any CPU.Build.0 = Release|Any CPU
	EndGlobalSection
	GlobalSection(SolutionProperties) = preSolution
		HideSolutionNode = FALSE
	EndGlobalSection
	GlobalSection(ExtensibilityGlobals) = postSolution
		SolutionGuid = {987CC21A-841B-40C6-9325-9E0650886440}
	EndGlobalSection
EndGlobal
